
Microsoft Visual Studio Solution File, Format Version 12.00
# Visual Studio Version 16
VisualStudioVersion = 16.0.30011.22
MinimumVisualStudioVersion = 10.0.40219.1
Project("{FAE04EC0-301F-11D3-BF4B-00C04F79EFBC}") = "app", "lab2\app.csproj", "{243C9095-D090-4E34-BCB2-D5E8D36BEA6B}"
EndProject
Global
	GlobalSection(SolutionConfigurationPlatforms) = preSolution
		Debug|Any CPU = Debug|Any CPU
		Release|Any CPU = Release|Any CPU
	EndGlobalSection
	GlobalSection(ProjectConfigurationPlatforms) = postSolution
		{243C9095-D090-4E34-BCB2-D5E8D36BEA6B}.Debug|Any CPU.ActiveCfg = Debug|Any CPU
		{243C9095-D090-4E34-BCB2-D5E8D36BEA6B}.Debug|Any CPU.Build.0 = Debug|Any CPU
		{243C9095-D090-4E34-BCB2-D5E8D36BEA6B}.Release|Any CPU.ActiveCfg = Release|Any CPU
		{243C9095-D090-4E34-BCB2-D5E8D36BEA6B}.Release|Any CPU.Build.0 = Release|Any CPU
	EndGlobalSection
	GlobalSection(SolutionProperties) = preSolution
		HideSolutionNode = FALSE
	EndGlobalSection
	GlobalSection(ExtensibilityGlobals) = postSolution
		SolutionGuid = {D3FE438B-BBC8-43A7-B435-EA54A2C5D249}
	EndGlobalSection
EndGlobal
